
Microsoft Visual Studio Solution File, Format Version 12.00
# Visual Studio Version 17
VisualStudioVersion = 17.0.31903.59
MinimumVisualStudioVersion = 10.0.40219.1
Project("{2150E333-8FDC-42A3-9474-1A3956D46DE8}") = "src", "src", "{827E0CD3-B72D-47B6-A68D-7590B98EB39B}"
EndProject
Project("{FAE04EC0-301F-11D3-BF4B-00C04F79EFBC}") = "MacroViva.Api", "src\MacroViva.Api\MacroViva.Api.csproj", "{461EECC1-2367-4E7B-9EC4-B3ECE3822469}"
EndProject
Project("{FAE04EC0-301F-11D3-BF4B-00C04F79EFBC}") = "MacroViva.Domain", "src\MacroViva.Domain\MacroViva.Domain.csproj", "{0E5627EB-3F2D-4A5D-9885-ADFA272F643D}"
EndProject
Project("{FAE04EC0-301F-11D3-BF4B-00C04F79EFBC}") = "MacroViva.Application", "src\MacroViva.Application\MacroViva.Application.csproj", "{005F23B6-FCBE-4F35-88B2-AE2750ABF166}"
EndProject
Project("{FAE04EC0-301F-11D3-BF4B-00C04F79EFBC}") = "MacroViva.Infrastructure", "src\MacroViva.Infrastructure\MacroViva.Infrastructure.csproj", "{2CC80548-0BE7-45CE-BB46-2B10A8B5BDB5}"
EndProject
Project("{FAE04EC0-301F-11D3-BF4B-00C04F79EFBC}") = "MacroViva.Worker", "src\MacroViva.Worker\MacroViva.Worker.csproj", "{505A6B6F-66BF-42F9-8642-F25DD14C71EC}"
EndProject
Project("{2150E333-8FDC-42A3-9474-1A3956D46DE8}") = "tests", "tests", "{0AB3BF05-4346-4AA6-1389-037BE0695223}"
EndProject
Project("{FAE04EC0-301F-11D3-BF4B-00C04F79EFBC}") = "MacroViva.Domain.Tests", "tests\MacroViva.Domain.Tests\MacroViva.Domain.Tests.csproj", "{5B36036A-A25D-4556-B620-F2BB1617693F}"
EndProject
Project("{FAE04EC0-301F-11D3-BF4B-00C04F79EFBC}") = "MacroViva.Application.Tests", "tests\MacroViva.Application.Tests\MacroViva.Application.Tests.csproj", "{3929E0AA-026B-4A82-9550-EF73C1D5F389}"
EndProject
Project("{FAE04EC0-301F-11D3-BF4B-00C04F79EFBC}") = "MacroViva.Api.Tests", "tests\MacroViva.Api.Tests\MacroViva.Api.Tests.csproj", "{FFB3BA58-33F2-471D-8C8A-C3F7E1AF6574}"
EndProject
Global
	GlobalSection(SolutionConfigurationPlatforms) = preSolution
		Debug|Any CPU = Debug|Any CPU
		Debug|x64 = Debug|x64
		Debug|x86 = Debug|x86
		Release|Any CPU = Release|Any CPU
		Release|x64 = Release|x64
		Release|x86 = Release|x86
	EndGlobalSection
	GlobalSection(ProjectConfigurationPlatforms) = postSolution
		{461EECC1-2367-4E7B-9EC4-B3ECE3822469}.Debug|Any CPU.ActiveCfg = Debug|Any CPU
		{461EECC1-2367-4E7B-9EC4-B3ECE3822469}.Debug|Any CPU.Build.0 = Debug|Any CPU
		{461EECC1-2367-4E7B-9EC4-B3ECE3822469}.Debug|x64.ActiveCfg = Debug|Any CPU
		{461EECC1-2367-4E7B-9EC4-B3ECE3822469}.Debug|x64.Build.0 = Debug|Any CPU
		{461EECC1-2367-4E7B-9EC4-B3ECE3822469}.Debug|x86.ActiveCfg = Debug|Any CPU
		{461EECC1-2367-4E7B-9EC4-B3ECE3822469}.Debug|x86.Build.0 = Debug|Any CPU
		{461EECC1-2367-4E7B-9EC4-B3ECE3822469}.Release|Any CPU.ActiveCfg = Release|Any CPU
		{461EECC1-2367-4E7B-9EC4-B3ECE3822469}.Release|Any CPU.Build.0 = Release|Any CPU
		{461EECC1-2367-4E7B-9EC4-B3ECE3822469}.Release|x64.ActiveCfg = Release|Any CPU
		{461EECC1-2367-4E7B-9EC4-B3ECE3822469}.Release|x64.Build.0 = Release|Any CPU
		{461EECC1-2367-4E7B-9EC4-B3ECE3822469}.Release|x86.ActiveCfg = Release|Any CPU
		{461EECC1-2367-4E7B-9EC4-B3ECE3822469}.Release|x86.Build.0 = Release|Any CPU
		{0E5627EB-3F2D-4A5D-9885-ADFA272F643D}.Debug|Any CPU.ActiveCfg = Debug|Any CPU
		{0E5627EB-3F2D-4A5D-9885-ADFA272F643D}.Debug|Any CPU.Build.0 = Debug|Any CPU
		{0E5627EB-3F2D-4A5D-9885-ADFA272F643D}.Debug|x64.ActiveCfg = Debug|Any CPU
		{0E5627EB-3F2D-4A5D-9885-ADFA272F643D}.Debug|x64.Build.0 = Debug|Any CPU
		{0E5627EB-3F2D-4A5D-9885-ADFA272F643D}.Debug|x86.ActiveCfg = Debug|Any CPU
		{0E5627EB-3F2D-4A5D-9885-ADFA272F643D}.Debug|x86.Build.0 = Debug|Any CPU
		{0E5627EB-3F2D-4A5D-9885-ADFA272F643D}.Release|Any CPU.ActiveCfg = Release|Any CPU
		{0E5627EB-3F2D-4A5D-9885-ADFA272F643D}.Release|Any CPU.Build.0 = Release|Any CPU
		{0E5627EB-3F2D-4A5D-9885-ADFA272F643D}.Release|x64.ActiveCfg = Release|Any CPU
		{0E5627EB-3F2D-4A5D-9885-ADFA272F643D}.Release|x64.Build.0 = Release|Any CPU
		{0E5627EB-3F2D-4A5D-9885-ADFA272F643D}.Release|x86.ActiveCfg = Release|Any CPU
		{0E5627EB-3F2D-4A5D-9885-ADFA272F643D}.Release|x86.Build.0 = Release|Any CPU
		{005F23B6-FCBE-4F35-88B2-AE2750ABF166}.Debug|Any CPU.ActiveCfg = Debug|Any CPU
		{005F23B6-FCBE-4F35-88B2-AE2750ABF166}.Debug|Any CPU.Build.0 = Debug|Any CPU
		{005F23B6-FCBE-4F35-88B2-AE2750ABF166}.Debug|x64.ActiveCfg = Debug|Any CPU
		{005F23B6-FCBE-4F35-88B2-AE2750ABF166}.Debug|x64.Build.0 = Debug|Any CPU
		{005F23B6-FCBE-4F35-88B2-AE2750ABF166}.Debug|x86.ActiveCfg = Debug|Any CPU
		{005F23B6-FCBE-4F35-88B2-AE2750ABF166}.Debug|x86.Build.0 = Debug|Any CPU
		{005F23B6-FCBE-4F35-88B2-AE2750ABF166}.Release|Any CPU.ActiveCfg = Release|Any CPU
		{005F23B6-FCBE-4F35-88B2-AE2750ABF166}.Release|Any CPU.Build.0 = Release|Any CPU
		{005F23B6-FCBE-4F35-88B2-AE2750ABF166}.Release|x64.ActiveCfg = Release|Any CPU
		{005F23B6-FCBE-4F35-88B2-AE2750ABF166}.Release|x64.Build.0 = Release|Any CPU
		{005F23B6-FCBE-4F35-88B2-AE2750ABF166}.Release|x86.ActiveCfg = Release|Any CPU
		{005F23B6-FCBE-4F35-88B2-AE2750ABF166}.Release|x86.Build.0 = Release|Any CPU
		{2CC80548-0BE7-45CE-BB46-2B10A8B5BDB5}.Debug|Any CPU.ActiveCfg = Debug|Any CPU
		{2CC80548-0BE7-45CE-BB46-2B10A8B5BDB5}.Debug|Any CPU.Build.0 = Debug|Any CPU
		{2CC80548-0BE7-45CE-BB46-2B10A8B5BDB5}.Debug|x64.ActiveCfg = Debug|Any CPU
		{2CC80548-0BE7-45CE-BB46-2B10A8B5BDB5}.Debug|x64.Build.0 = Debug|Any CPU
		{2CC80548-0BE7-45CE-BB46-2B10A8B5BDB5}.Debug|x86.ActiveCfg = Debug|Any CPU
		{2CC80548-0BE7-45CE-BB46-2B10A8B5BDB5}.Debug|x86.Build.0 = Debug|Any CPU
		{2CC80548-0BE7-45CE-BB46-2B10A8B5BDB5}.Release|Any CPU.ActiveCfg = Release|Any CPU
		{2CC80548-0BE7-45CE-BB46-2B10A8B5BDB5}.Release|Any CPU.Build.0 = Release|Any CPU
		{2CC80548-0BE7-45CE-BB46-2B10A8B5BDB5}.Release|x64.ActiveCfg = Release|Any CPU
		{2CC80548-0BE7-45CE-BB46-2B10A8B5BDB5}.Release|x64.Build.0 = Release|Any CPU
		{2CC80548-0BE7-45CE-BB46-2B10A8B5BDB5}.Release|x86.ActiveCfg = Release|Any CPU
		{2CC80548-0BE7-45CE-BB46-2B10A8B5BDB5}.Release|x86.Build.0 = Release|Any CPU
		{505A6B6F-66BF-42F9-8642-F25DD14C71EC}.Debug|Any CPU.ActiveCfg = Debug|Any CPU
		{505A6B6F-66BF-42F9-8642-F25DD14C71EC}.Debug|Any CPU.Build.0 = Debug|Any CPU
		{505A6B6F-66BF-42F9-8642-F25DD14C71EC}.Debug|x64.ActiveCfg = Debug|Any CPU
		{505A6B6F-66BF-42F9-8642-F25DD14C71EC}.Debug|x64.Build.0 = Debug|Any CPU
		{505A6B6F-66BF-42F9-8642-F25DD14C71EC}.Debug|x86.ActiveCfg = Debug|Any CPU
		{505A6B6F-66BF-42F9-8642-F25DD14C71EC}.Debug|x86.Build.0 = Debug|Any CPU
		{505A6B6F-66BF-42F9-8642-F25DD14C71EC}.Release|Any CPU.ActiveCfg = Release|Any CPU
		{505A6B6F-66BF-42F9-8642-F25DD14C71EC}.Release|Any CPU.Build.0 = Release|Any CPU
		{505A6B6F-66BF-42F9-8642-F25DD14C71EC}.Release|x64.ActiveCfg = Release|Any CPU
		{505A6B6F-66BF-42F9-8642-F25DD14C71EC}.Release|x64.Build.0 = Release|Any CPU
		{505A6B6F-66BF-42F9-8642-F25DD14C71EC}.Release|x86.ActiveCfg = Release|Any CPU
		{505A6B6F-66BF-42F9-8642-F25DD14C71EC}.Release|x86.Build.0 = Release|Any CPU
		{5B36036A-A25D-4556-B620-F2BB1617693F}.Debug|Any CPU.ActiveCfg = Debug|Any CPU
		{5B36036A-A25D-4556-B620-F2BB1617693F}.Debug|Any CPU.Build.0 = Debug|Any CPU
		{5B36036A-A25D-4556-B620-F2BB1617693F}.Debug|x64.ActiveCfg = Debug|Any CPU
		{5B36036A-A25D-4556-B620-F2BB1617693F}.Debug|x64.Build.0 = Debug|Any CPU
		{5B36036A-A25D-4556-B620-F2BB1617693F}.Debug|x86.ActiveCfg = Debug|Any CPU
		{5B36036A-A25D-4556-B620-F2BB1617693F}.Debug|x86.Build.0 = Debug|Any CPU
		{5B36036A-A25D-4556-B620-F2BB1617693F}.Release|Any CPU.ActiveCfg = Release|Any CPU
		{5B36036A-A25D-4556-B620-F2BB1617693F}.Release|Any CPU.Build.0 = Release|Any CPU
		{5B36036A-A25D-4556-B620-F2BB1617693F}.Release|x64.ActiveCfg = Release|Any CPU
		{5B36036A-A25D-4556-B620-F2BB1617693F}.Release|x64.Build.0 = Release|Any CPU
		{5B36036A-A25D-4556-B620-F2BB1617693F}.Release|x86.ActiveCfg = Release|Any CPU
		{5B36036A-A25D-4556-B620-F2BB1617693F}.Release|x86.Build.0 = Release|Any CPU
		{3929E0AA-026B-4A82-9550-EF73C1D5F389}.Debug|Any CPU.ActiveCfg = Debug|Any CPU
		{3929E0AA-026B-4A82-9550-EF73C1D5F389}.Debug|Any CPU.Build.0 = Debug|Any CPU
		{3929E0AA-026B-4A82-9550-EF73C1D5F389}.Debug|x64.ActiveCfg = Debug|Any CPU
		{3929E0AA-026B-4A82-9550-EF73C1D5F389}.Debug|x64.Build.0 = Debug|Any CPU
		{3929E0AA-026B-4A82-9550-EF73C1D5F389}.Debug|x86.ActiveCfg = Debug|Any CPU
		{3929E0AA-026B-4A82-9550-EF73C1D5F389}.Debug|x86.Build.0 = Debug|Any CPU
		{3929E0AA-026B-4A82-9550-EF73C1D5F389}.Release|Any CPU.ActiveCfg = Release|Any CPU
		{3929E0AA-026B-4A82-9550-EF73C1D5F389}.Release|Any CPU.Build.0 = Release|Any CPU
		{3929E0AA-026B-4A82-9550-EF73C1D5F389}.Release|x64.ActiveCfg = Release|Any CPU
		{3929E0AA-026B-4A82-9550-EF73C1D5F389}.Release|x64.Build.0 = Release|Any CPU
		{3929E0AA-026B-4A82-9550-EF73C1D5F389}.Release|x86.ActiveCfg = Release|Any CPU
		{3929E0AA-026B-4A82-9550-EF73C1D5F389}.Release|x86.Build.0 = Release|Any CPU
		{FFB3BA58-33F2-471D-8C8A-C3F7E1AF6574}.Debug|Any CPU.ActiveCfg = Debug|Any CPU
		{FFB3BA58-33F2-471D-8C8A-C3F7E1AF6574}.Debug|Any CPU.Build.0 = Debug|Any CPU
		{FFB3BA58-33F2-471D-8C8A-C3F7E1AF6574}.Debug|x64.ActiveCfg = Debug|Any CPU
		{FFB3BA58-33F2-471D-8C8A-C3F7E1AF6574}.Debug|x64.Build.0 = Debug|Any CPU
		{FFB3BA58-33F2-471D-8C8A-C3F7E1AF6574}.Debug|x86.ActiveCfg = Debug|Any CPU
		{FFB3BA58-33F2-471D-8C8A-C3F7E1AF6574}.Debug|x86.Build.0 = Debug|Any CPU
		{FFB3BA58-33F2-471D-8C8A-C3F7E1AF6574}.Release|Any CPU.ActiveCfg = Release|Any CPU
		{FFB3BA58-33F2-471D-8C8A-C3F7E1AF6574}.Release|Any CPU.Build.0 = Release|Any CPU
		{FFB3BA58-33F2-471D-8C8A-C3F7E1AF6574}.Release|x64.ActiveCfg = Release|Any CPU
		{FFB3BA58-33F2-471D-8C8A-C3F7E1AF6574}.Release|x64.Build.0 = Release|Any CPU
		{FFB3BA58-33F2-471D-8C8A-C3F7E1AF6574}.Release|x86.ActiveCfg = Release|Any CPU
		{FFB3BA58-33F2-471D-8C8A-C3F7E1AF6574}.Release|x86.Build.0 = Release|Any CPU
	EndGlobalSection
	GlobalSection(SolutionProperties) = preSolution
		HideSolutionNode = FALSE
	EndGlobalSection
	GlobalSection(NestedProjects) = preSolution
		{461EECC1-2367-4E7B-9EC4-B3ECE3822469} = {827E0CD3-B72D-47B6-A68D-7590B98EB39B}
		{0E5627EB-3F2D-4A5D-9885-ADFA272F643D} = {827E0CD3-B72D-47B6-A68D-7590B98EB39B}
		{005F23B6-FCBE-4F35-88B2-AE2750ABF166} = {827E0CD3-B72D-47B6-A68D-7590B98EB39B}
		{2CC80548-0BE7-45CE-BB46-2B10A8B5BDB5} = {827E0CD3-B72D-47B6-A68D-7590B98EB39B}
		{505A6B6F-66BF-42F9-8642-F25DD14C71EC} = {827E0CD3-B72D-47B6-A68D-7590B98EB39B}
		{5B36036A-A25D-4556-B620-F2BB1617693F} = {0AB3BF05-4346-4AA6-1389-037BE0695223}
		{3929E0AA-026B-4A82-9550-EF73C1D5F389} = {0AB3BF05-4346-4AA6-1389-037BE0695223}
		{FFB3BA58-33F2-471D-8C8A-C3F7E1AF6574} = {0AB3BF05-4346-4AA6-1389-037BE0695223}
	EndGlobalSection
EndGlobal
